
Microsoft Visual Studio Solution File, Format Version 12.00
# Visual Studio Version 16
VisualStudioVersion = 16.0.30011.22
MinimumVisualStudioVersion = 10.0.40219.1
Project("{FAE04EC0-301F-11D3-BF4B-00C04F79EFBC}") = "EA_DEV_FIRST", "EA_DEV_FIRST\EA_DEV_FIRST.csproj", "{f10031cb-72a6-4bc6-9e14-2ace10dfa571}"
EndProject
Global
	GlobalSection(SolutionConfigurationPlatforms) = preSolution
		Debug|Any CPU = Debug|Any CPU
		Release|Any CPU = Release|Any CPU
	EndGlobalSection
	GlobalSection(ProjectConfigurationPlatforms) = postSolution
		{f10031cb-72a6-4bc6-9e14-2ace10dfa571}.Debug|Any CPU.ActiveCfg = Debug|Any CPU
		{f10031cb-72a6-4bc6-9e14-2ace10dfa571}.Debug|Any CPU.Build.0 = Debug|Any CPU
		{f10031cb-72a6-4bc6-9e14-2ace10dfa571}.Release|Any CPU.ActiveCfg = Release|Any CPU
		{f10031cb-72a6-4bc6-9e14-2ace10dfa571}.Release|Any CPU.Build.0 = Release|Any CPU
	EndGlobalSection
	GlobalSection(SolutionProperties) = preSolution
		HideSolutionNode = FALSE
	EndGlobalSection
EndGlobal
